
Microsoft Visual Studio Solution File, Format Version 12.00
# Visual Studio Version 17
VisualStudioVersion = 17.4.33110.190
MinimumVisualStudioVersion = 10.0.40219.1
Project("{FAE04EC0-301F-11D3-BF4B-00C04F79EFBC}") = "HotelMVC", "HotelMVC\HotelMVC.csproj", "{E65ED4DA-9CDA-4DDA-BCB4-0ADD5E9B2CD5}"
EndProject
Global
	GlobalSection(SolutionConfigurationPlatforms) = preSolution
		Debug|Any CPU = Debug|Any CPU
		Release|Any CPU = Release|Any CPU
	EndGlobalSection
	GlobalSection(ProjectConfigurationPlatforms) = postSolution
		{E65ED4DA-9CDA-4DDA-BCB4-0ADD5E9B2CD5}.Debug|Any CPU.ActiveCfg = Debug|Any CPU
		{E65ED4DA-9CDA-4DDA-BCB4-0ADD5E9B2CD5}.Debug|Any CPU.Build.0 = Debug|Any CPU
		{E65ED4DA-9CDA-4DDA-BCB4-0ADD5E9B2CD5}.Release|Any CPU.ActiveCfg = Release|Any CPU
		{E65ED4DA-9CDA-4DDA-BCB4-0ADD5E9B2CD5}.Release|Any CPU.Build.0 = Release|Any CPU
	EndGlobalSection
	GlobalSection(SolutionProperties) = preSolution
		HideSolutionNode = FALSE
	EndGlobalSection
	GlobalSection(ExtensibilityGlobals) = postSolution
		SolutionGuid = {10B44AC3-D203-4883-973E-4110A7DB2FEC}
	EndGlobalSection
EndGlobal
